
Microsoft Visual Studio Solution File, Format Version 12.00
# Visual Studio Version 16
VisualStudioVersion = 16.0.31729.503
MinimumVisualStudioVersion = 10.0.40219.1
Project("{FAE04EC0-301F-11D3-BF4B-00C04F79EFBC}") = "prj_chuju", "prj_chuju\prj_chuju.csproj", "{C1BBA8B8-7C27-430B-ACA0-50D50C839F1E}"
EndProject
Global
	GlobalSection(SolutionConfigurationPlatforms) = preSolution
		Debug|Any CPU = Debug|Any CPU
		Release|Any CPU = Release|Any CPU
	EndGlobalSection
	GlobalSection(ProjectConfigurationPlatforms) = postSolution
		{C1BBA8B8-7C27-430B-ACA0-50D50C839F1E}.Debug|Any CPU.ActiveCfg = Debug|Any CPU
		{C1BBA8B8-7C27-430B-ACA0-50D50C839F1E}.Debug|Any CPU.Build.0 = Debug|Any CPU
		{C1BBA8B8-7C27-430B-ACA0-50D50C839F1E}.Release|Any CPU.ActiveCfg = Release|Any CPU
		{C1BBA8B8-7C27-430B-ACA0-50D50C839F1E}.Release|Any CPU.Build.0 = Release|Any CPU
	EndGlobalSection
	GlobalSection(SolutionProperties) = preSolution
		HideSolutionNode = FALSE
	EndGlobalSection
	GlobalSection(ExtensibilityGlobals) = postSolution
		SolutionGuid = {39AD6752-FB70-4808-A8DE-57470DAC09E3}
	EndGlobalSection
EndGlobal
